
Microsoft Visual Studio Solution File, Format Version 12.00
# Visual Studio Version 17
VisualStudioVersion = 17.8.34511.84
MinimumVisualStudioVersion = 10.0.40219.1
Project("{2150E333-8FDC-42A3-9474-1A3956D46DE8}") = "Products", "Products", "{776EEAD8-0E91-426A-B1A9-60C2010E06E2}"
EndProject
Project("{9A19103F-16F7-4668-BE54-9A1E7A4F7556}") = "Products.API", "Products\Products.API\Products.API.csproj", "{62095B85-6ABB-45F0-B608-D73AC332BD37}"
EndProject
Project("{9A19103F-16F7-4668-BE54-9A1E7A4F7556}") = "Products.BAL", "Products\Products.BAL\Products.BAL.csproj", "{E55B0953-5045-4B04-920C-50F95A2856F1}"
EndProject
Project("{9A19103F-16F7-4668-BE54-9A1E7A4F7556}") = "Products.DAL", "Products\Products.DAL\Products.DAL.csproj", "{1413E159-C9A7-49C3-A6D0-9FC465778905}"
EndProject
Project("{9A19103F-16F7-4668-BE54-9A1E7A4F7556}") = "Products.Model", "Products\Products.Model\Products.Model.csproj", "{2CA0CA69-83A5-40C8-BB3E-DE4C1EFB05CB}"
EndProject
Project("{9A19103F-16F7-4668-BE54-9A1E7A4F7556}") = "Products.ViewModel", "Products\Products.ViewModel\Products.ViewModel.csproj", "{E3179598-FD37-432C-B3FC-C16289C3952B}"
EndProject
Project("{2150E333-8FDC-42A3-9474-1A3956D46DE8}") = "Customers", "Customers", "{8A788162-6370-405A-944C-BEB72D0C706C}"
EndProject
Project("{FAE04EC0-301F-11D3-BF4B-00C04F79EFBC}") = "Customers.API", "Customers\Customers.API\Customers.API.csproj", "{F14082FE-A1AE-4B20-94EE-FC181691F981}"
EndProject
Project("{FAE04EC0-301F-11D3-BF4B-00C04F79EFBC}") = "Customers.BAL", "Customers\Customers.BAL\Customers.BAL.csproj", "{F0E3C122-6631-4572-909E-5D30640F0860}"
EndProject
Project("{FAE04EC0-301F-11D3-BF4B-00C04F79EFBC}") = "Customers.DAL", "Customers\Customers.DAL\Customers.DAL.csproj", "{D4CC968B-D434-482E-BD8F-CB59F867E51A}"
EndProject
Project("{FAE04EC0-301F-11D3-BF4B-00C04F79EFBC}") = "Customers.ViewModel", "Customers\Customers.ViewModels\Customers.ViewModel.csproj", "{2E7ABE5F-E95E-44DA-8D54-92708676D7EC}"
EndProject
Project("{FAE04EC0-301F-11D3-BF4B-00C04F79EFBC}") = "Customers.Model", "Customers\Customers.Models\Customers.Model.csproj", "{BCC8FD06-5C12-4E5C-8A3B-6A85F5B0DA54}"
EndProject
Global
	GlobalSection(SolutionConfigurationPlatforms) = preSolution
		Debug|Any CPU = Debug|Any CPU
		Release|Any CPU = Release|Any CPU
	EndGlobalSection
	GlobalSection(ProjectConfigurationPlatforms) = postSolution
		{62095B85-6ABB-45F0-B608-D73AC332BD37}.Debug|Any CPU.ActiveCfg = Debug|Any CPU
		{62095B85-6ABB-45F0-B608-D73AC332BD37}.Debug|Any CPU.Build.0 = Debug|Any CPU
		{62095B85-6ABB-45F0-B608-D73AC332BD37}.Release|Any CPU.ActiveCfg = Release|Any CPU
		{62095B85-6ABB-45F0-B608-D73AC332BD37}.Release|Any CPU.Build.0 = Release|Any CPU
		{E55B0953-5045-4B04-920C-50F95A2856F1}.Debug|Any CPU.ActiveCfg = Debug|Any CPU
		{E55B0953-5045-4B04-920C-50F95A2856F1}.Debug|Any CPU.Build.0 = Debug|Any CPU
		{E55B0953-5045-4B04-920C-50F95A2856F1}.Release|Any CPU.ActiveCfg = Release|Any CPU
		{E55B0953-5045-4B04-920C-50F95A2856F1}.Release|Any CPU.Build.0 = Release|Any CPU
		{1413E159-C9A7-49C3-A6D0-9FC465778905}.Debug|Any CPU.ActiveCfg = Debug|Any CPU
		{1413E159-C9A7-49C3-A6D0-9FC465778905}.Debug|Any CPU.Build.0 = Debug|Any CPU
		{1413E159-C9A7-49C3-A6D0-9FC465778905}.Release|Any CPU.ActiveCfg = Release|Any CPU
		{1413E159-C9A7-49C3-A6D0-9FC465778905}.Release|Any CPU.Build.0 = Release|Any CPU
		{2CA0CA69-83A5-40C8-BB3E-DE4C1EFB05CB}.Debug|Any CPU.ActiveCfg = Debug|Any CPU
		{2CA0CA69-83A5-40C8-BB3E-DE4C1EFB05CB}.Debug|Any CPU.Build.0 = Debug|Any CPU
		{2CA0CA69-83A5-40C8-BB3E-DE4C1EFB05CB}.Release|Any CPU.ActiveCfg = Release|Any CPU
		{2CA0CA69-83A5-40C8-BB3E-DE4C1EFB05CB}.Release|Any CPU.Build.0 = Release|Any CPU
		{E3179598-FD37-432C-B3FC-C16289C3952B}.Debug|Any CPU.ActiveCfg = Debug|Any CPU
		{E3179598-FD37-432C-B3FC-C16289C3952B}.Debug|Any CPU.Build.0 = Debug|Any CPU
		{E3179598-FD37-432C-B3FC-C16289C3952B}.Release|Any CPU.ActiveCfg = Release|Any CPU
		{E3179598-FD37-432C-B3FC-C16289C3952B}.Release|Any CPU.Build.0 = Release|Any CPU
		{F14082FE-A1AE-4B20-94EE-FC181691F981}.Debug|Any CPU.ActiveCfg = Debug|Any CPU
		{F14082FE-A1AE-4B20-94EE-FC181691F981}.Debug|Any CPU.Build.0 = Debug|Any CPU
		{F14082FE-A1AE-4B20-94EE-FC181691F981}.Release|Any CPU.ActiveCfg = Release|Any CPU
		{F14082FE-A1AE-4B20-94EE-FC181691F981}.Release|Any CPU.Build.0 = Release|Any CPU
		{F0E3C122-6631-4572-909E-5D30640F0860}.Debug|Any CPU.ActiveCfg = Debug|Any CPU
		{F0E3C122-6631-4572-909E-5D30640F0860}.Debug|Any CPU.Build.0 = Debug|Any CPU
		{F0E3C122-6631-4572-909E-5D30640F0860}.Release|Any CPU.ActiveCfg = Release|Any CPU
		{F0E3C122-6631-4572-909E-5D30640F0860}.Release|Any CPU.Build.0 = Release|Any CPU
		{D4CC968B-D434-482E-BD8F-CB59F867E51A}.Debug|Any CPU.ActiveCfg = Debug|Any CPU
		{D4CC968B-D434-482E-BD8F-CB59F867E51A}.Debug|Any CPU.Build.0 = Debug|Any CPU
		{D4CC968B-D434-482E-BD8F-CB59F867E51A}.Release|Any CPU.ActiveCfg = Release|Any CPU
		{D4CC968B-D434-482E-BD8F-CB59F867E51A}.Release|Any CPU.Build.0 = Release|Any CPU
		{2E7ABE5F-E95E-44DA-8D54-92708676D7EC}.Debug|Any CPU.ActiveCfg = Debug|Any CPU
		{2E7ABE5F-E95E-44DA-8D54-92708676D7EC}.Debug|Any CPU.Build.0 = Debug|Any CPU
		{2E7ABE5F-E95E-44DA-8D54-92708676D7EC}.Release|Any CPU.ActiveCfg = Release|Any CPU
		{2E7ABE5F-E95E-44DA-8D54-92708676D7EC}.Release|Any CPU.Build.0 = Release|Any CPU
		{BCC8FD06-5C12-4E5C-8A3B-6A85F5B0DA54}.Debug|Any CPU.ActiveCfg = Debug|Any CPU
		{BCC8FD06-5C12-4E5C-8A3B-6A85F5B0DA54}.Debug|Any CPU.Build.0 = Debug|Any CPU
		{BCC8FD06-5C12-4E5C-8A3B-6A85F5B0DA54}.Release|Any CPU.ActiveCfg = Release|Any CPU
		{BCC8FD06-5C12-4E5C-8A3B-6A85F5B0DA54}.Release|Any CPU.Build.0 = Release|Any CPU
	EndGlobalSection
	GlobalSection(SolutionProperties) = preSolution
		HideSolutionNode = FALSE
	EndGlobalSection
	GlobalSection(NestedProjects) = preSolution
		{62095B85-6ABB-45F0-B608-D73AC332BD37} = {776EEAD8-0E91-426A-B1A9-60C2010E06E2}
		{E55B0953-5045-4B04-920C-50F95A2856F1} = {776EEAD8-0E91-426A-B1A9-60C2010E06E2}
		{1413E159-C9A7-49C3-A6D0-9FC465778905} = {776EEAD8-0E91-426A-B1A9-60C2010E06E2}
		{2CA0CA69-83A5-40C8-BB3E-DE4C1EFB05CB} = {776EEAD8-0E91-426A-B1A9-60C2010E06E2}
		{E3179598-FD37-432C-B3FC-C16289C3952B} = {776EEAD8-0E91-426A-B1A9-60C2010E06E2}
		{F14082FE-A1AE-4B20-94EE-FC181691F981} = {8A788162-6370-405A-944C-BEB72D0C706C}
		{F0E3C122-6631-4572-909E-5D30640F0860} = {8A788162-6370-405A-944C-BEB72D0C706C}
		{D4CC968B-D434-482E-BD8F-CB59F867E51A} = {8A788162-6370-405A-944C-BEB72D0C706C}
		{2E7ABE5F-E95E-44DA-8D54-92708676D7EC} = {8A788162-6370-405A-944C-BEB72D0C706C}
		{BCC8FD06-5C12-4E5C-8A3B-6A85F5B0DA54} = {8A788162-6370-405A-944C-BEB72D0C706C}
	EndGlobalSection
	GlobalSection(ExtensibilityGlobals) = postSolution
		SolutionGuid = {2A59428F-1107-41FA-8BCD-F66E15D2F050}
	EndGlobalSection
EndGlobal
